
Microsoft Visual Studio Solution File, Format Version 12.00
# Visual Studio Version 17
VisualStudioVersion = 17.9.34728.123
MinimumVisualStudioVersion = 10.0.40219.1
Project("{FAE04EC0-301F-11D3-BF4B-00C04F79EFBC}") = "NeetCode150", "NeetCode150\NeetCode150.csproj", "{F2734D91-29BF-4026-AD74-5ACFD36AEF19}"
EndProject
Global
	GlobalSection(SolutionConfigurationPlatforms) = preSolution
		Debug|Any CPU = Debug|Any CPU
		Release|Any CPU = Release|Any CPU
	EndGlobalSection
	GlobalSection(ProjectConfigurationPlatforms) = postSolution
		{F2734D91-29BF-4026-AD74-5ACFD36AEF19}.Debug|Any CPU.ActiveCfg = Debug|Any CPU
		{F2734D91-29BF-4026-AD74-5ACFD36AEF19}.Debug|Any CPU.Build.0 = Debug|Any CPU
		{F2734D91-29BF-4026-AD74-5ACFD36AEF19}.Release|Any CPU.ActiveCfg = Release|Any CPU
		{F2734D91-29BF-4026-AD74-5ACFD36AEF19}.Release|Any CPU.Build.0 = Release|Any CPU
	EndGlobalSection
	GlobalSection(SolutionProperties) = preSolution
		HideSolutionNode = FALSE
	EndGlobalSection
	GlobalSection(ExtensibilityGlobals) = postSolution
		SolutionGuid = {A8E1BC89-EE46-4B1C-9BF4-3FB6399D4367}
	EndGlobalSection
EndGlobal
